
Microsoft Visual Studio Solution File, Format Version 12.00
# Visual Studio Version 17
VisualStudioVersion = 17.1.32421.90
MinimumVisualStudioVersion = 10.0.40219.1
Project("{FAE04EC0-301F-11D3-BF4B-00C04F79EFBC}") = "Connection_Game", "Connection_Game\Connection_Game.csproj", "{E3EB03E0-733E-44A8-841F-8F5DE7A43149}"
EndProject
Global
	GlobalSection(SolutionConfigurationPlatforms) = preSolution
		Debug|Any CPU = Debug|Any CPU
		Release|Any CPU = Release|Any CPU
	EndGlobalSection
	GlobalSection(ProjectConfigurationPlatforms) = postSolution
		{E3EB03E0-733E-44A8-841F-8F5DE7A43149}.Debug|Any CPU.ActiveCfg = Debug|Any CPU
		{E3EB03E0-733E-44A8-841F-8F5DE7A43149}.Debug|Any CPU.Build.0 = Debug|Any CPU
		{E3EB03E0-733E-44A8-841F-8F5DE7A43149}.Release|Any CPU.ActiveCfg = Release|Any CPU
		{E3EB03E0-733E-44A8-841F-8F5DE7A43149}.Release|Any CPU.Build.0 = Release|Any CPU
	EndGlobalSection
	GlobalSection(SolutionProperties) = preSolution
		HideSolutionNode = FALSE
	EndGlobalSection
	GlobalSection(ExtensibilityGlobals) = postSolution
		SolutionGuid = {8027F1BB-1666-4AD2-95D8-BD31B52BB9C0}
	EndGlobalSection
EndGlobal
